
Microsoft Visual Studio Solution File, Format Version 12.00
# Visual Studio 15
VisualStudioVersion = 15.0.27428.2037
MinimumVisualStudioVersion = 10.0.40219.1
Project("{8BC9CEB8-8B4A-11D0-8D11-00A0C91BC942}") = "Halloween", "Halloween\Halloween.vcxproj", "{08A6E874-5FCD-4BE3-9EE8-83C472387CFB}"
EndProject
Global
	GlobalSection(SolutionConfigurationPlatforms) = preSolution
		Debug|x64 = Debug|x64
		Debug|x86 = Debug|x86
		Release|x64 = Release|x64
		Release|x86 = Release|x86
	EndGlobalSection
	GlobalSection(ProjectConfigurationPlatforms) = postSolution
		{08A6E874-5FCD-4BE3-9EE8-83C472387CFB}.Debug|x64.ActiveCfg = Debug|x64
		{08A6E874-5FCD-4BE3-9EE8-83C472387CFB}.Debug|x64.Build.0 = Debug|x64
		{08A6E874-5FCD-4BE3-9EE8-83C472387CFB}.Debug|x86.ActiveCfg = Debug|Win32
		{08A6E874-5FCD-4BE3-9EE8-83C472387CFB}.Debug|x86.Build.0 = Debug|Win32
		{08A6E874-5FCD-4BE3-9EE8-83C472387CFB}.Release|x64.ActiveCfg = Release|x64
		{08A6E874-5FCD-4BE3-9EE8-83C472387CFB}.Release|x64.Build.0 = Release|x64
		{08A6E874-5FCD-4BE3-9EE8-83C472387CFB}.Release|x86.ActiveCfg = Release|Win32
		{08A6E874-5FCD-4BE3-9EE8-83C472387CFB}.Release|x86.Build.0 = Release|Win32
	EndGlobalSection
	GlobalSection(SolutionProperties) = preSolution
		HideSolutionNode = FALSE
	EndGlobalSection
	GlobalSection(ExtensibilityGlobals) = postSolution
		SolutionGuid = {773C72CB-5234-447B-8C53-9641EBB04C5F}
	EndGlobalSection
EndGlobal
